
Microsoft Visual Studio Solution File, Format Version 12.00
# Visual Studio Version 17
VisualStudioVersion = 17.3.32929.385
MinimumVisualStudioVersion = 10.0.40219.1
Project("{FAE04EC0-301F-11D3-BF4B-00C04F79EFBC}") = "01_Getting_Started_with_C", "01_Getting_Started_with_C\01_Getting_Started_with_C.csproj", "{C375737C-1518-48F4-B8DB-FB5B147592AE}"
EndProject
Global
	GlobalSection(SolutionConfigurationPlatforms) = preSolution
		Debug|Any CPU = Debug|Any CPU
		Release|Any CPU = Release|Any CPU
	EndGlobalSection
	GlobalSection(ProjectConfigurationPlatforms) = postSolution
		{C375737C-1518-48F4-B8DB-FB5B147592AE}.Debug|Any CPU.ActiveCfg = Debug|Any CPU
		{C375737C-1518-48F4-B8DB-FB5B147592AE}.Debug|Any CPU.Build.0 = Debug|Any CPU
		{C375737C-1518-48F4-B8DB-FB5B147592AE}.Release|Any CPU.ActiveCfg = Release|Any CPU
		{C375737C-1518-48F4-B8DB-FB5B147592AE}.Release|Any CPU.Build.0 = Release|Any CPU
	EndGlobalSection
	GlobalSection(SolutionProperties) = preSolution
		HideSolutionNode = FALSE
	EndGlobalSection
	GlobalSection(ExtensibilityGlobals) = postSolution
		SolutionGuid = {6F479968-EE84-43ED-B3F9-6FF27CABF8A5}
	EndGlobalSection
EndGlobal
