
Microsoft Visual Studio Solution File, Format Version 12.00
# Visual Studio Version 17
VisualStudioVersion = 17.3.32929.385
MinimumVisualStudioVersion = 10.0.40219.1
Project("{FAE04EC0-301F-11D3-BF4B-00C04F79EFBC}") = "06_Challenge", "06_Challenge\06_Challenge.csproj", "{7C457AD9-0146-4C21-B51A-2658A4D55777}"
EndProject
Global
	GlobalSection(SolutionConfigurationPlatforms) = preSolution
		Debug|Any CPU = Debug|Any CPU
		Release|Any CPU = Release|Any CPU
	EndGlobalSection
	GlobalSection(ProjectConfigurationPlatforms) = postSolution
		{7C457AD9-0146-4C21-B51A-2658A4D55777}.Debug|Any CPU.ActiveCfg = Debug|Any CPU
		{7C457AD9-0146-4C21-B51A-2658A4D55777}.Debug|Any CPU.Build.0 = Debug|Any CPU
		{7C457AD9-0146-4C21-B51A-2658A4D55777}.Release|Any CPU.ActiveCfg = Release|Any CPU
		{7C457AD9-0146-4C21-B51A-2658A4D55777}.Release|Any CPU.Build.0 = Release|Any CPU
	EndGlobalSection
	GlobalSection(SolutionProperties) = preSolution
		HideSolutionNode = FALSE
	EndGlobalSection
	GlobalSection(ExtensibilityGlobals) = postSolution
		SolutionGuid = {56ACDB5B-4E33-49C9-AC60-AC2C3DB8D89E}
	EndGlobalSection
EndGlobal
